// !$*UTF8*$!
{
	archiveVersion = 1;
	classes = {
	};
	objectVersion = 50;
	objects = {

/* Begin PBXBuildFile section */
		2D21C3E62676E3A400A90690 /* AppDelegate.swift in Sources */ = {isa = PBXBuildFile; fileRef = 2D21C3E52676E3A400A90690 /* AppDelegate.swift */; };
		2D21C3E82676E3A400A90690 /* SceneDelegate.swift in Sources */ = {isa = PBXBuildFile; fileRef = 2D21C3E72676E3A400A90690 /* SceneDelegate.swift */; };
		2D21C3EA2676E3A400A90690 /* ViewController.swift in Sources */ = {isa = PBXBuildFile; fileRef = 2D21C3E92676E3A400A90690 /* ViewController.swift */; };
		2D21C3ED2676E3A400A90690 /* Main.storyboard in Resources */ = {isa = PBXBuildFile; fileRef = 2D21C3EB2676E3A400A90690 /* Main.storyboard */; };
		2D21C3EF2676E3A500A90690 /* Assets.xcassets in Resources */ = {isa = PBXBuildFile; fileRef = 2D21C3EE2676E3A500A90690 /* Assets.xcassets */; };
		2D21C3F22676E3A500A90690 /* LaunchScreen.storyboard in Resources */ = {isa = PBXBuildFile; fileRef = 2D21C3F02676E3A500A90690 /* LaunchScreen.storyboard */; };
		2D21C3FB2676F00800A90690 /* RelatedCollectionViewCell.swift in Sources */ = {isa = PBXBuildFile; fileRef = 2D21C3FA2676F00800A90690 /* RelatedCollectionViewCell.swift */; };
		2D21C3FE26770F2600A90690 /* HomieViewController.swift in Sources */ = {isa = PBXBuildFile; fileRef = 2D21C3FD26770F2600A90690 /* HomieViewController.swift */; };
		2D21C4012678ECA500A90690 /* SearchKuViewController.swift in Sources */ = {isa = PBXBuildFile; fileRef = 2D21C4002678ECA500A90690 /* SearchKuViewController.swift */; };
/* End PBXBuildFile section */

/* Begin PBXFileReference section */
		2D21C3E22676E3A400A90690 /* HomeKuCoba.app */ = {isa = PBXFileReference; explicitFileType = wrapper.application; includeInIndex = 0; path = HomeKuCoba.app; sourceTree = BUILT_PRODUCTS_DIR; };
		2D21C3E52676E3A400A90690 /* AppDelegate.swift */ = {isa = PBXFileReference; lastKnownFileType = sourcecode.swift; path = AppDelegate.swift; sourceTree = "<group>"; };
		2D21C3E72676E3A400A90690 /* SceneDelegate.swift */ = {isa = PBXFileReference; lastKnownFileType = sourcecode.swift; path = SceneDelegate.swift; sourceTree = "<group>"; };
		2D21C3E92676E3A400A90690 /* ViewController.swift */ = {isa = PBXFileReference; lastKnownFileType = sourcecode.swift; path = ViewController.swift; sourceTree = "<group>"; };
		2D21C3EC2676E3A400A90690 /* Base */ = {isa = PBXFileReference; lastKnownFileType = file.storyboard; name = Base; path = Base.lproj/Main.storyboard; sourceTree = "<group>"; };
		2D21C3EE2676E3A500A90690 /* Assets.xcassets */ = {isa = PBXFileReference; lastKnownFileType = folder.assetcatalog; path = Assets.xcassets; sourceTree = "<group>"; };
		2D21C3F12676E3A500A90690 /* Base */ = {isa = PBXFileReference; lastKnownFileType = file.storyboard; name = Base; path = Base.lproj/LaunchScreen.storyboard; sourceTree = "<group>"; };
		2D21C3F32676E3A500A90690 /* Info.plist */ = {isa = PBXFileReference; lastKnownFileType = text.plist.xml; path = Info.plist; sourceTree = "<group>"; };
		2D21C3FA2676F00800A90690 /* RelatedCollectionViewCell.swift */ = {isa = PBXFileReference; lastKnownFileType = sourcecode.swift; path = RelatedCollectionViewCell.swift; sourceTree = "<group>"; };
		2D21C3FD26770F2600A90690 /* HomieViewController.swift */ = {isa = PBXFileReference; lastKnownFileType = sourcecode.swift; path = HomieViewController.swift; sourceTree = "<group>"; };
		2D21C4002678ECA500A90690 /* SearchKuViewController.swift */ = {isa = PBXFileReference; lastKnownFileType = sourcecode.swift; path = SearchKuViewController.swift; sourceTree = "<group>"; };
/* End PBXFileReference section */

/* Begin PBXFrameworksBuildPhase section */
		2D21C3DF2676E3A400A90690 /* Frameworks */ = {
			isa = PBXFrameworksBuildPhase;
			buildActionMask = 2147483647;
			files = (
			);
			runOnlyForDeploymentPostprocessing = 0;
		};
/* End PBXFrameworksBuildPhase section */

/* Begin PBXGroup section */
		2D21C3D92676E3A400A90690 = {
			isa = PBXGroup;
			children = (
				2D21C3E42676E3A400A90690 /* HomeKuCoba */,
				2D21C3E32676E3A400A90690 /* Products */,
			);
			sourceTree = "<group>";
		};
		2D21C3E32676E3A400A90690 /* Products */ = {
			isa = PBXGroup;
			children = (
				2D21C3E22676E3A400A90690 /* HomeKuCoba.app */,
			);
			name = Products;
			sourceTree = "<group>";
		};
		2D21C3E42676E3A400A90690 /* HomeKuCoba */ = {
			isa = PBXGroup;
			children = (
				2D21C3E52676E3A400A90690 /* AppDelegate.swift */,
				2D21C3E72676E3A400A90690 /* SceneDelegate.swift */,
				2D21C3E92676E3A400A90690 /* ViewController.swift */,
				2D21C3EB2676E3A400A90690 /* Main.storyboard */,
				2D21C3FD26770F2600A90690 /* HomieViewController.swift */,
				2D21C3FA2676F00800A90690 /* RelatedCollectionViewCell.swift */,
				2D21C3EE2676E3A500A90690 /* Assets.xcassets */,
				2D21C3F02676E3A500A90690 /* LaunchScreen.storyboard */,
				2D21C3F32676E3A500A90690 /* Info.plist */,
				2D21C4002678ECA500A90690 /* SearchKuViewController.swift */,
			);
			path = HomeKuCoba;
			sourceTree = "<group>";
		};
/* End PBXGroup section */

/* Begin PBXNativeTarget section */
		2D21C3E12676E3A400A90690 /* HomeKuCoba */ = {
			isa = PBXNativeTarget;
			buildConfigurationList = 2D21C3F62676E3A500A90690 /* Build configuration list for PBXNativeTarget "HomeKuCoba" */;
			buildPhases = (
				2D21C3DE2676E3A400A90690 /* Sources */,
				2D21C3DF2676E3A400A90690 /* Frameworks */,
				2D21C3E02676E3A400A90690 /* Resources */,
			);
			buildRules = (
			);
			dependencies = (
			);
			name = HomeKuCoba;
			productName = HomeKuCoba;
			productReference = 2D21C3E22676E3A400A90690 /* HomeKuCoba.app */;
			productType = "com.apple.product-type.application";
		};
/* End PBXNativeTarget section */

/* Begin PBXProject section */
		2D21C3DA2676E3A400A90690 /* Project object */ = {
			isa = PBXProject;
			attributes = {
				LastSwiftUpdateCheck = 1240;
				LastUpgradeCheck = 1240;
				TargetAttributes = {
					2D21C3E12676E3A400A90690 = {
						CreatedOnToolsVersion = 12.4;
					};
				};
			};
			buildConfigurationList = 2D21C3DD2676E3A400A90690 /* Build configuration list for PBXProject "HomeKuCoba" */;
			compatibilityVersion = "Xcode 9.3";
			developmentRegion = en;
			hasScannedForEncodings = 0;
			knownRegions = (
				en,
				Base,
			);
			mainGroup = 2D21C3D92676E3A400A90690;
			productRefGroup = 2D21C3E32676E3A400A90690 /* Products */;
			projectDirPath = "";
			projectRoot = "";
			targets = (
				2D21C3E12676E3A400A90690 /* HomeKuCoba */,
			);
		};
/* End PBXProject section */

/* Begin PBXResourcesBuildPhase section */
		2D21C3E02676E3A400A90690 /* Resources */ = {
			isa = PBXResourcesBuildPhase;
			buildActionMask = 2147483647;
			files = (
				2D21C3F22676E3A500A90690 /* LaunchScreen.storyboard in Resources */,
				2D21C3EF2676E3A500A90690 /* Assets.xcassets in Resources */,
				2D21C3ED2676E3A400A90690 /* Main.storyboard in Resources */,
			);
			runOnlyForDeploymentPostprocessing = 0;
		};
/* End PBXResourcesBuildPhase section */

/* Begin PBXSourcesBuildPhase section */
		2D21C3DE2676E3A400A90690 /* Sources */ = {
			isa = PBXSourcesBuildPhase;
			buildActionMask = 2147483647;
			files = (
				2D21C3FE26770F2600A90690 /* HomieViewController.swift in Sources */,
				2D21C3EA2676E3A400A90690 /* ViewController.swift in Sources */,
				2D21C4012678ECA500A90690 /* SearchKuViewController.swift in Sources */,
				2D21C3E62676E3A400A90690 /* AppDelegate.swift in Sources */,
				2D21C3FB2676F00800A90690 /* RelatedCollectionViewCell.swift in Sources */,
				2D21C3E82676E3A400A90690 /* SceneDelegate.swift in Sources */,
			);
			runOnlyForDeploymentPostprocessing = 0;
		};
/* End PBXSourcesBuildPhase section */

/* Begin PBXVariantGroup section */
		2D21C3EB2676E3A400A90690 /* Main.storyboard */ = {
			isa = PBXVariantGroup;
			children = (
				2D21C3EC2676E3A400A90690 /* Base */,
			);
			name = Main.storyboard;
			sourceTree = "<group>";
		};
		2D21C3F02676E3A500A90690 /* LaunchScreen.storyboard */ = {
			isa = PBXVariantGroup;
			children = (
				2D21C3F12676E3A500A90690 /* Base */,
			);
			name = LaunchScreen.storyboard;
			sourceTree = "<group>";
		};
/* End PBXVariantGroup section */

/* Begin XCBuildConfiguration section */
		2D21C3F42676E3A500A90690 /* Debug */ = {
			isa = XCBuildConfiguration;
			buildSettings = {
				ALWAYS_SEARCH_USER_PATHS = NO;
				CLANG_ANALYZER_NONNULL = YES;
				CLANG_ANALYZER_NUMBER_OBJECT_CONVERSION = YES_AGGRESSIVE;
				CLANG_CXX_LANGUAGE_STANDARD = "gnu++14";
				CLANG_CXX_LIBRARY = "libc++";
				CLANG_ENABLE_MODULES = YES;
				CLANG_ENABLE_OBJC_ARC = YES;
				CLANG_ENABLE_OBJC_WEAK = YES;
				CLANG_WARN_BLOCK_CAPTURE_AUTORELEASING = YES;
				CLANG_WARN_BOOL_CONVERSION = YES;
				CLANG_WARN_COMMA = YES;
				CLANG_WARN_CONSTANT_CONVERSION = YES;
				CLANG_WARN_DEPRECATED_OBJC_IMPLEMENTATIONS = YES;
				CLANG_WARN_DIRECT_OBJC_ISA_USAGE = YES_ERROR;
				CLANG_WARN_DOCUMENTATION_COMMENTS = YES;
				CLANG_WARN_EMPTY_BODY = YES;
				CLANG_WARN_ENUM_CONVERSION = YES;
				CLANG_WARN_INFINITE_RECURSION = YES;
				CLANG_WARN_INT_CONVERSION = YES;
				CLANG_WARN_NON_LITERAL_NULL_CONVERSION = YES;
				CLANG_WARN_OBJC_IMPLICIT_RETAIN_SELF = YES;
				CLANG_WARN_OBJC_LITERAL_CONVERSION = YES;
				CLANG_WARN_OBJC_ROOT_CLASS = YES_ERROR;
				CLANG_WARN_QUOTED_INCLUDE_IN_FRAMEWORK_HEADER = YES;
				CLANG_WARN_RANGE_LOOP_ANALYSIS = YES;
				CLANG_WARN_STRICT_PROTOTYPES = YES;
				CLANG_WARN_SUSPICIOUS_MOVE = YES;
				CLANG_WARN_UNGUARDED_AVAILABILITY = YES_AGGRESSIVE;
				CLANG_WARN_UNREACHABLE_CODE = YES;
				CLANG_WARN__DUPLICATE_METHOD_MATCH = YES;
				COPY_PHASE_STRIP = NO;
				DEBUG_INFORMATION_FORMAT = dwarf;
				ENABLE_STRICT_OBJC_MSGSEND = YES;
				ENABLE_TESTABILITY = YES;
				GCC_C_LANGUAGE_STANDARD = gnu11;
				GCC_DYNAMIC_NO_PIC = NO;
				GCC_NO_COMMON_BLOCKS = YES;
				GCC_OPTIMIZATION_LEVEL = 0;
				GCC_PREPROCESSOR_DEFINITIONS = (
					"DEBUG=1",
					"$(inherited)",
				);
				GCC_WARN_64_TO_32_BIT_CONVERSION = YES;
				GCC_WARN_ABOUT_RETURN_TYPE = YES_ERROR;
				GCC_WARN_UNDECLARED_SELECTOR = YES;
				GCC_WARN_UNINITIALIZED_AUTOS = YES_AGGRESSIVE;
				GCC_WARN_UNUSED_FUNCTION = YES;
				GCC_WARN_UNUSED_VARIABLE = YES;
				IPHONEOS_DEPLOYMENT_TARGET = 14.4;
				MTL_ENABLE_DEBUG_INFO = INCLUDE_SOURCE;
				MTL_FAST_MATH = YES;
				ONLY_ACTIVE_ARCH = YES;
				SDKROOT = iphoneos;
				SWIFT_ACTIVE_COMPILATION_CONDITIONS = DEBUG;
				SWIFT_OPTIMIZATION_LEVEL = "-Onone";
			};
			name = Debug;
		};
		2D21C3F52676E3A500A90690 /* Release */ = {
			isa = XCBuildConfiguration;
			buildSettings = {
				ALWAYS_SEARCH_USER_PATHS = NO;
				CLANG_ANALYZER_NONNULL = YES;
				CLANG_ANALYZER_NUMBER_OBJECT_CONVERSION = YES_AGGRESSIVE;
				CLANG_CXX_LANGUAGE_STANDARD = "gnu++14";
				CLANG_CXX_LIBRARY = "libc++";
				CLANG_ENABLE_MODULES = YES;
				CLANG_ENABLE_OBJC_ARC = YES;
				CLANG_ENABLE_OBJC_WEAK = YES;
				CLANG_WARN_BLOCK_CAPTURE_AUTORELEASING = YES;
				CLANG_WARN_BOOL_CONVERSION = YES;
				CLANG_WARN_COMMA = YES;
				CLANG_WARN_CONSTANT_CONVERSION = YES;
				CLANG_WARN_DEPRECATED_OBJC_IMPLEMENTATIONS = YES;
				CLANG_WARN_DIRECT_OBJC_ISA_USAGE = YES_ERROR;
				CLANG_WARN_DOCUMENTATION_COMMENTS = YES;
				CLANG_WARN_EMPTY_BODY = YES;
				CLANG_WARN_ENUM_CONVERSION = YES;
				CLANG_WARN_INFINITE_RECURSION = YES;
				CLANG_WARN_INT_CONVERSION = YES;
				CLANG_WARN_NON_LITERAL_NULL_CONVERSION = YES;
				CLANG_WARN_OBJC_IMPLICIT_RETAIN_SELF = YES;
				CLANG_WARN_OBJC_LITERAL_CONVERSION = YES;
				CLANG_WARN_OBJC_ROOT_CLASS = YES_ERROR;
				CLANG_WARN_QUOTED_INCLUDE_IN_FRAMEWORK_HEADER = YES;
				CLANG_WARN_RANGE_LOOP_ANALYSIS = YES;
				CLANG_WARN_STRICT_PROTOTYPES = YES;
				CLANG_WARN_SUSPICIOUS_MOVE = YES;
				CLANG_WARN_UNGUARDED_AVAILABILITY = YES_AGGRESSIVE;
				CLANG_WARN_UNREACHABLE_CODE = YES;
				CLANG_WARN__DUPLICATE_METHOD_MATCH = YES;
				COPY_PHASE_STRIP = NO;
				DEBUG_INFORMATION_FORMAT = "dwarf-with-dsym";
				ENABLE_NS_ASSERTIONS = NO;
				ENABLE_STRICT_OBJC_MSGSEND = YES;
				GCC_C_LANGUAGE_STANDARD = gnu11;
				GCC_NO_COMMON_BLOCKS = YES;
				GCC_WARN_64_TO_32_BIT_CONVERSION = YES;
				GCC_WARN_ABOUT_RETURN_TYPE = YES_ERROR;
				GCC_WARN_UNDECLARED_SELECTOR = YES;
				GCC_WARN_UNINITIALIZED_AUTOS = YES_AGGRESSIVE;
				GCC_WARN_UNUSED_FUNCTION = YES;
				GCC_WARN_UNUSED_VARIABLE = YES;
				IPHONEOS_DEPLOYMENT_TARGET = 14.4;
				MTL_ENABLE_DEBUG_INFO = NO;
				MTL_FAST_MATH = YES;
				SDKROOT = iphoneos;
				SWIFT_COMPILATION_MODE = wholemodule;
				SWIFT_OPTIMIZATION_LEVEL = "-O";
				VALIDATE_PRODUCT = YES;
			};
			name = Release;
		};
		2D21C3F72676E3A500A90690 /* Debug */ = {
			isa = XCBuildConfiguration;
			buildSettings = {
				ASSETCATALOG_COMPILER_APPICON_NAME = AppIcon;
				ASSETCATALOG_COMPILER_GLOBAL_ACCENT_COLOR_NAME = AccentColor;
				CODE_SIGN_STYLE = Automatic;
				DEVELOPMENT_TEAM = 3893Q9UYVR;
				INFOPLIST_FILE = HomeKuCoba/Info.plist;
				LD_RUNPATH_SEARCH_PATHS = (
					"$(inherited)",
					"@executable_path/Frameworks",
				);
				PRODUCT_BUNDLE_IDENTIFIER = com.Jenny.HomeKuCoba;
				PRODUCT_NAME = "$(TARGET_NAME)";
				SWIFT_VERSION = 5.0;
				TARGETED_DEVICE_FAMILY = "1,2";
			};
			name = Debug;
		};
		2D21C3F82676E3A500A90690 /* Release */ = {
			isa = XCBuildConfiguration;
			buildSettings = {
				ASSETCATALOG_COMPILER_APPICON_NAME = AppIcon;
				ASSETCATALOG_COMPILER_GLOBAL_ACCENT_COLOR_NAME = AccentColor;
				CODE_SIGN_STYLE = Automatic;
				DEVELOPMENT_TEAM = 3893Q9UYVR;
				INFOPLIST_FILE = HomeKuCoba/Info.plist;
				LD_RUNPATH_SEARCH_PATHS = (
					"$(inherited)",
					"@executable_path/Frameworks",
				);
				PRODUCT_BUNDLE_IDENTIFIER = com.Jenny.HomeKuCoba;
				PRODUCT_NAME = "$(TARGET_NAME)";
				SWIFT_VERSION = 5.0;
				TARGETED_DEVICE_FAMILY = "1,2";
			};
			name = Release;
		};
/* End XCBuildConfiguration section */

/* Begin XCConfigurationList section */
		2D21C3DD2676E3A400A90690 /* Build configuration list for PBXProject "HomeKuCoba" */ = {
			isa = XCConfigurationList;
			buildConfigurations = (
				2D21C3F42676E3A500A90690 /* Debug */,
				2D21C3F52676E3A500A90690 /* Release */,
			);
			defaultConfigurationIsVisible = 0;
			defaultConfigurationName = Release;
		};
		2D21C3F62676E3A500A90690 /* Build configuration list for PBXNativeTarget "HomeKuCoba" */ = {
			isa = XCConfigurationList;
			buildConfigurations = (
				2D21C3F72676E3A500A90690 /* Debug */,
				2D21C3F82676E3A500A90690 /* Release */,
			);
			defaultConfigurationIsVisible = 0;
			defaultConfigurationName = Release;
		};
/* End XCConfigurationList section */
	};
	rootObject = 2D21C3DA2676E3A400A90690 /* Project object */;
}
